
Microsoft Visual Studio Solution File, Format Version 12.00
# Visual Studio Version 16
VisualStudioVersion = 16.0.30503.244
MinimumVisualStudioVersion = 10.0.40219.1
Project("{FAE04EC0-301F-11D3-BF4B-00C04F79EFBC}") = "ConsoleProject", "ConsoleProject\ConsoleProject.csproj", "{8BBEE98F-AC27-4EC8-A75E-2BCA4E4E82D0}"
EndProject
Project("{FAE04EC0-301F-11D3-BF4B-00C04F79EFBC}") = "TestProject", "TestProject\TestProject.csproj", "{1CD9E437-BC61-4033-B28F-3B5B1FD92793}"
EndProject
Global
	GlobalSection(SolutionConfigurationPlatforms) = preSolution
		Debug|Any CPU = Debug|Any CPU
		Release|Any CPU = Release|Any CPU
	EndGlobalSection
	GlobalSection(ProjectConfigurationPlatforms) = postSolution
		{8BBEE98F-AC27-4EC8-A75E-2BCA4E4E82D0}.Debug|Any CPU.ActiveCfg = Debug|Any CPU
		{8BBEE98F-AC27-4EC8-A75E-2BCA4E4E82D0}.Debug|Any CPU.Build.0 = Debug|Any CPU
		{8BBEE98F-AC27-4EC8-A75E-2BCA4E4E82D0}.Release|Any CPU.ActiveCfg = Release|Any CPU
		{8BBEE98F-AC27-4EC8-A75E-2BCA4E4E82D0}.Release|Any CPU.Build.0 = Release|Any CPU
		{1CD9E437-BC61-4033-B28F-3B5B1FD92793}.Debug|Any CPU.ActiveCfg = Debug|Any CPU
		{1CD9E437-BC61-4033-B28F-3B5B1FD92793}.Debug|Any CPU.Build.0 = Debug|Any CPU
		{1CD9E437-BC61-4033-B28F-3B5B1FD92793}.Release|Any CPU.ActiveCfg = Release|Any CPU
		{1CD9E437-BC61-4033-B28F-3B5B1FD92793}.Release|Any CPU.Build.0 = Release|Any CPU
	EndGlobalSection
	GlobalSection(SolutionProperties) = preSolution
		HideSolutionNode = FALSE
	EndGlobalSection
	GlobalSection(ExtensibilityGlobals) = postSolution
		SolutionGuid = {0EEB138E-85A5-4ACC-AB0A-F3B5DEBF96F9}
	EndGlobalSection
EndGlobal
